{
  "name": "supertwee",
  "version": "0.1.2",
  "lockfileVersion": 3,
  "requires": true,
  "packages": {
    "": {
      "name": "supertwee",
      "version": "0.1.2",
      "bin": {
        "supertwee": "bin/supertwee.mjs",
        "stw": "bin/supertwee.mjs"
      },
      "engines": {
        "node": ">=20"
      }
    }
  }
}
